
Microsoft Visual Studio Solution File, Format Version 12.00
# Visual Studio Version 17
VisualStudioVersion = 17.4.33213.308
MinimumVisualStudioVersion = 10.0.40219.1
Project("{FAE04EC0-301F-11D3-BF4B-00C04F79EFBC}") = "ToDoList_WpfApp", "ToDoList_WpfApp.csproj", "{D79886DC-A404-4E93-8C95-4FC6E377925E}"
EndProject
Global
	GlobalSection(SolutionConfigurationPlatforms) = preSolution
		Debug|Any CPU = Debug|Any CPU
		Release|Any CPU = Release|Any CPU
	EndGlobalSection
	GlobalSection(ProjectConfigurationPlatforms) = postSolution
		{D79886DC-A404-4E93-8C95-4FC6E377925E}.Debug|Any CPU.ActiveCfg = Debug|Any CPU
		{D79886DC-A404-4E93-8C95-4FC6E377925E}.Debug|Any CPU.Build.0 = Debug|Any CPU
		{D79886DC-A404-4E93-8C95-4FC6E377925E}.Release|Any CPU.ActiveCfg = Release|Any CPU
		{D79886DC-A404-4E93-8C95-4FC6E377925E}.Release|Any CPU.Build.0 = Release|Any CPU
	EndGlobalSection
	GlobalSection(SolutionProperties) = preSolution
		HideSolutionNode = FALSE
	EndGlobalSection
	GlobalSection(ExtensibilityGlobals) = postSolution
		SolutionGuid = {66BF0C2E-52D4-4368-8DD0-E09A9F3675D7}
	EndGlobalSection
EndGlobal
